// !$*UTF8*$!
{
	archiveVersion = 1;
	classes = {
	};
	objectVersion = 46;
	objects = {

/* Begin PBXBuildFile section */
		801075F91A0F9909001B06B5 /* AppDelegate.swift in Sources */ = {isa = PBXBuildFile; fileRef = 801075F81A0F9909001B06B5 /* AppDelegate.swift */; };
		801075FC1A0F9909001B06B5 /* SeriesManager.xcdatamodeld in Sources */ = {isa = PBXBuildFile; fileRef = 801075FA1A0F9909001B06B5 /* SeriesManager.xcdatamodeld */; };
		801076011A0F9909001B06B5 /* Main.storyboard in Resources */ = {isa = PBXBuildFile; fileRef = 801075FF1A0F9909001B06B5 /* Main.storyboard */; };
		801076061A0F9909001B06B5 /* LaunchScreen.xib in Resources */ = {isa = PBXBuildFile; fileRef = 801076041A0F9909001B06B5 /* LaunchScreen.xib */; };
		801076121A0F990A001B06B5 /* SeriesManagerTests.swift in Sources */ = {isa = PBXBuildFile; fileRef = 801076111A0F990A001B06B5 /* SeriesManagerTests.swift */; };
		802474921A17843800030407 /* HomeViewController.swift in Sources */ = {isa = PBXBuildFile; fileRef = 802474911A17843800030407 /* HomeViewController.swift */; };
		802474941A178E6200030407 /* TheTVDBApi.swift in Sources */ = {isa = PBXBuildFile; fileRef = 802474931A178E6200030407 /* TheTVDBApi.swift */; };
		802474961A178F1600030407 /* TheTVDBApiDelegate.swift in Sources */ = {isa = PBXBuildFile; fileRef = 802474951A178F1600030407 /* TheTVDBApiDelegate.swift */; };
		802474981A178F8500030407 /* Series.swift in Sources */ = {isa = PBXBuildFile; fileRef = 802474971A178F8500030407 /* Series.swift */; };
		8024749A1A1790B100030407 /* Season.swift in Sources */ = {isa = PBXBuildFile; fileRef = 802474991A1790B100030407 /* Season.swift */; };
		8024749C1A17918500030407 /* Episode.swift in Sources */ = {isa = PBXBuildFile; fileRef = 8024749B1A17918500030407 /* Episode.swift */; };
		802474A01A179A9100030407 /* TheTVDBApiMethods.swift in Sources */ = {isa = PBXBuildFile; fileRef = 8024749F1A179A9100030407 /* TheTVDBApiMethods.swift */; };
		80248F171A17A57300274BF6 /* SWXMLHash.framework in Frameworks */ = {isa = PBXBuildFile; fileRef = 80248F121A17A54500274BF6 /* SWXMLHash.framework */; };
		80248F181A17A58400274BF6 /* Alamofire.framework in Frameworks */ = {isa = PBXBuildFile; fileRef = 802474B01A179F8800030407 /* Alamofire.framework */; };
		8099CC541A17692400F5A54A /* SeriesViewController.swift in Sources */ = {isa = PBXBuildFile; fileRef = 8099CC531A17692400F5A54A /* SeriesViewController.swift */; };
		8099CC561A17698000F5A54A /* SeasonViewController.swift in Sources */ = {isa = PBXBuildFile; fileRef = 8099CC551A17698000F5A54A /* SeasonViewController.swift */; };
		8099CC581A17699500F5A54A /* EpisodeViewController.swift in Sources */ = {isa = PBXBuildFile; fileRef = 8099CC571A17699500F5A54A /* EpisodeViewController.swift */; };
		80EBEF531A1E35E6009B9399 /* Images.xcassets in Resources */ = {isa = PBXBuildFile; fileRef = 801076021A0F9909001B06B5 /* Images.xcassets */; };
		80F831D11A17EA7000AC512F /* Logger.swift in Sources */ = {isa = PBXBuildFile; fileRef = 80F831D01A17EA7000AC512F /* Logger.swift */; };
/* End PBXBuildFile section */

/* Begin PBXContainerItemProxy section */
		8010760C1A0F990A001B06B5 /* PBXContainerItemProxy */ = {
			isa = PBXContainerItemProxy;
			containerPortal = 801075EB1A0F9909001B06B5 /* Project object */;
			proxyType = 1;
			remoteGlobalIDString = 801075F21A0F9909001B06B5;
			remoteInfo = SeriesManager;
		};
		802474AF1A179F8800030407 /* PBXContainerItemProxy */ = {
			isa = PBXContainerItemProxy;
			containerPortal = 802474AA1A179F8800030407 /* Alamofire.xcodeproj */;
			proxyType = 2;
			remoteGlobalIDString = F8111E3319A95C8B0040E7D1;
			remoteInfo = Alamofire;
		};
		802474B11A179F8800030407 /* PBXContainerItemProxy */ = {
			isa = PBXContainerItemProxy;
			containerPortal = 802474AA1A179F8800030407 /* Alamofire.xcodeproj */;
			proxyType = 2;
			remoteGlobalIDString = F8111E3E19A95C8B0040E7D1;
			remoteInfo = AlamofireTests;
		};
		802474B31A17A06300030407 /* PBXContainerItemProxy */ = {
			isa = PBXContainerItemProxy;
			containerPortal = 802474AA1A179F8800030407 /* Alamofire.xcodeproj */;
			proxyType = 1;
			remoteGlobalIDString = F8111E3219A95C8B0040E7D1;
			remoteInfo = Alamofire;
		};
		80248F111A17A54500274BF6 /* PBXContainerItemProxy */ = {
			isa = PBXContainerItemProxy;
			containerPortal = 80248F091A17A54400274BF6 /* SWXMLHash.xcodeproj */;
			proxyType = 2;
			remoteGlobalIDString = CD6083EF196CA106000B4F8D;
			remoteInfo = SWXMLHash;
		};
		80248F131A17A54500274BF6 /* PBXContainerItemProxy */ = {
			isa = PBXContainerItemProxy;
			containerPortal = 80248F091A17A54400274BF6 /* SWXMLHash.xcodeproj */;
			proxyType = 2;
			remoteGlobalIDString = CD6083FA196CA106000B4F8D;
			remoteInfo = SWXMLHashTests;
		};
		80248F151A17A56100274BF6 /* PBXContainerItemProxy */ = {
			isa = PBXContainerItemProxy;
			containerPortal = 80248F091A17A54400274BF6 /* SWXMLHash.xcodeproj */;
			proxyType = 1;
			remoteGlobalIDString = CD6083EE196CA106000B4F8D;
			remoteInfo = SWXMLHash;
		};
/* End PBXContainerItemProxy section */

/* Begin PBXFileReference section */
		801075F31A0F9909001B06B5 /* SeriesManager.app */ = {isa = PBXFileReference; explicitFileType = wrapper.application; includeInIndex = 0; path = SeriesManager.app; sourceTree = BUILT_PRODUCTS_DIR; };
		801075F71A0F9909001B06B5 /* Info.plist */ = {isa = PBXFileReference; lastKnownFileType = text.plist.xml; path = Info.plist; sourceTree = "<group>"; };
		801075F81A0F9909001B06B5 /* AppDelegate.swift */ = {isa = PBXFileReference; lastKnownFileType = sourcecode.swift; path = AppDelegate.swift; sourceTree = "<group>"; usesTabs = 0; };
		801075FB1A0F9909001B06B5 /* SeriesManager.xcdatamodel */ = {isa = PBXFileReference; lastKnownFileType = wrapper.xcdatamodel; path = SeriesManager.xcdatamodel; sourceTree = "<group>"; };
		801076001A0F9909001B06B5 /* Base */ = {isa = PBXFileReference; lastKnownFileType = file.storyboard; name = Base; path = Base.lproj/Main.storyboard; sourceTree = "<group>"; };
		801076021A0F9909001B06B5 /* Images.xcassets */ = {isa = PBXFileReference; lastKnownFileType = folder.assetcatalog; path = Images.xcassets; sourceTree = "<group>"; };
		801076051A0F9909001B06B5 /* Base */ = {isa = PBXFileReference; lastKnownFileType = file.xib; name = Base; path = Base.lproj/LaunchScreen.xib; sourceTree = "<group>"; };
		8010760B1A0F990A001B06B5 /* SeriesManagerTests.xctest */ = {isa = PBXFileReference; explicitFileType = wrapper.cfbundle; includeInIndex = 0; path = SeriesManagerTests.xctest; sourceTree = BUILT_PRODUCTS_DIR; };
		801076101A0F990A001B06B5 /* Info.plist */ = {isa = PBXFileReference; lastKnownFileType = text.plist.xml; path = Info.plist; sourceTree = "<group>"; };
		801076111A0F990A001B06B5 /* SeriesManagerTests.swift */ = {isa = PBXFileReference; lastKnownFileType = sourcecode.swift; path = SeriesManagerTests.swift; sourceTree = "<group>"; };
		802474911A17843800030407 /* HomeViewController.swift */ = {isa = PBXFileReference; fileEncoding = 4; lastKnownFileType = sourcecode.swift; path = HomeViewController.swift; sourceTree = "<group>"; };
		802474931A178E6200030407 /* TheTVDBApi.swift */ = {isa = PBXFileReference; fileEncoding = 4; lastKnownFileType = sourcecode.swift; path = TheTVDBApi.swift; sourceTree = "<group>"; };
		802474951A178F1600030407 /* TheTVDBApiDelegate.swift */ = {isa = PBXFileReference; fileEncoding = 4; lastKnownFileType = sourcecode.swift; path = TheTVDBApiDelegate.swift; sourceTree = "<group>"; };
		802474971A178F8500030407 /* Series.swift */ = {isa = PBXFileReference; fileEncoding = 4; lastKnownFileType = sourcecode.swift; path = Series.swift; sourceTree = "<group>"; };
		802474991A1790B100030407 /* Season.swift */ = {isa = PBXFileReference; fileEncoding = 4; lastKnownFileType = sourcecode.swift; path = Season.swift; sourceTree = "<group>"; };
		8024749B1A17918500030407 /* Episode.swift */ = {isa = PBXFileReference; fileEncoding = 4; lastKnownFileType = sourcecode.swift; path = Episode.swift; sourceTree = "<group>"; };
		8024749F1A179A9100030407 /* TheTVDBApiMethods.swift */ = {isa = PBXFileReference; fileEncoding = 4; lastKnownFileType = sourcecode.swift; path = TheTVDBApiMethods.swift; sourceTree = "<group>"; };
		802474AA1A179F8800030407 /* Alamofire.xcodeproj */ = {isa = PBXFileReference; lastKnownFileType = "wrapper.pb-project"; name = Alamofire.xcodeproj; path = Alamofire/Alamofire.xcodeproj; sourceTree = "<group>"; };
		80248F091A17A54400274BF6 /* SWXMLHash.xcodeproj */ = {isa = PBXFileReference; lastKnownFileType = "wrapper.pb-project"; name = SWXMLHash.xcodeproj; path = SWXMLHash/SWXMLHash.xcodeproj; sourceTree = "<group>"; };
		8099CC531A17692400F5A54A /* SeriesViewController.swift */ = {isa = PBXFileReference; fileEncoding = 4; lastKnownFileType = sourcecode.swift; path = SeriesViewController.swift; sourceTree = "<group>"; };
		8099CC551A17698000F5A54A /* SeasonViewController.swift */ = {isa = PBXFileReference; fileEncoding = 4; lastKnownFileType = sourcecode.swift; path = SeasonViewController.swift; sourceTree = "<group>"; };
		8099CC571A17699500F5A54A /* EpisodeViewController.swift */ = {isa = PBXFileReference; fileEncoding = 4; lastKnownFileType = sourcecode.swift; path = EpisodeViewController.swift; sourceTree = "<group>"; };
		80F831D01A17EA7000AC512F /* Logger.swift */ = {isa = PBXFileReference; fileEncoding = 4; lastKnownFileType = sourcecode.swift; path = Logger.swift; sourceTree = "<group>"; };
/* End PBXFileReference section */

/* Begin PBXFrameworksBuildPhase section */
		801075F01A0F9909001B06B5 /* Frameworks */ = {
			isa = PBXFrameworksBuildPhase;
			buildActionMask = 2147483647;
			files = (
				80248F181A17A58400274BF6 /* Alamofire.framework in Frameworks */,
				80248F171A17A57300274BF6 /* SWXMLHash.framework in Frameworks */,
			);
			runOnlyForDeploymentPostprocessing = 0;
		};
		801076081A0F990A001B06B5 /* Frameworks */ = {
			isa = PBXFrameworksBuildPhase;
			buildActionMask = 2147483647;
			files = (
			);
			runOnlyForDeploymentPostprocessing = 0;
		};
/* End PBXFrameworksBuildPhase section */

/* Begin PBXGroup section */
		801075EA1A0F9909001B06B5 = {
			isa = PBXGroup;
			children = (
				802474AA1A179F8800030407 /* Alamofire.xcodeproj */,
				80248F091A17A54400274BF6 /* SWXMLHash.xcodeproj */,
				801075F51A0F9909001B06B5 /* SeriesManager */,
				8010760E1A0F990A001B06B5 /* SeriesManagerTests */,
				801075F41A0F9909001B06B5 /* Products */,
			);
			sourceTree = "<group>";
		};
		801075F41A0F9909001B06B5 /* Products */ = {
			isa = PBXGroup;
			children = (
				801075F31A0F9909001B06B5 /* SeriesManager.app */,
				8010760B1A0F990A001B06B5 /* SeriesManagerTests.xctest */,
			);
			name = Products;
			sourceTree = "<group>";
		};
		801075F51A0F9909001B06B5 /* SeriesManager */ = {
			isa = PBXGroup;
			children = (
				8099CC4F1A1760BB00F5A54A /* TheTVDBApi */,
				8099CC4E1A1760B600F5A54A /* Models */,
				8099CC4D1A1760AA00F5A54A /* ViewControllers */,
				801075F81A0F9909001B06B5 /* AppDelegate.swift */,
				801075FF1A0F9909001B06B5 /* Main.storyboard */,
				801076021A0F9909001B06B5 /* Images.xcassets */,
				801076041A0F9909001B06B5 /* LaunchScreen.xib */,
				801075FA1A0F9909001B06B5 /* SeriesManager.xcdatamodeld */,
				801075F61A0F9909001B06B5 /* Supporting Files */,
				80F831D01A17EA7000AC512F /* Logger.swift */,
			);
			path = SeriesManager;
			sourceTree = "<group>";
		};
		801075F61A0F9909001B06B5 /* Supporting Files */ = {
			isa = PBXGroup;
			children = (
				801075F71A0F9909001B06B5 /* Info.plist */,
			);
			name = "Supporting Files";
			sourceTree = "<group>";
		};
		8010760E1A0F990A001B06B5 /* SeriesManagerTests */ = {
			isa = PBXGroup;
			children = (
				801076111A0F990A001B06B5 /* SeriesManagerTests.swift */,
				8010760F1A0F990A001B06B5 /* Supporting Files */,
			);
			path = SeriesManagerTests;
			sourceTree = "<group>";
		};
		8010760F1A0F990A001B06B5 /* Supporting Files */ = {
			isa = PBXGroup;
			children = (
				801076101A0F990A001B06B5 /* Info.plist */,
			);
			name = "Supporting Files";
			sourceTree = "<group>";
		};
		802474AB1A179F8800030407 /* Products */ = {
			isa = PBXGroup;
			children = (
				802474B01A179F8800030407 /* Alamofire.framework */,
				802474B21A179F8800030407 /* AlamofireTests.xctest */,
			);
			name = Products;
			sourceTree = "<group>";
		};
		80248F0A1A17A54400274BF6 /* Products */ = {
			isa = PBXGroup;
			children = (
				80248F121A17A54500274BF6 /* SWXMLHash.framework */,
				80248F141A17A54500274BF6 /* SWXMLHashTests.xctest */,
			);
			name = Products;
			sourceTree = "<group>";
		};
		8099CC4D1A1760AA00F5A54A /* ViewControllers */ = {
			isa = PBXGroup;
			children = (
				8099CC531A17692400F5A54A /* SeriesViewController.swift */,
				8099CC551A17698000F5A54A /* SeasonViewController.swift */,
				8099CC571A17699500F5A54A /* EpisodeViewController.swift */,
				802474911A17843800030407 /* HomeViewController.swift */,
			);
			name = ViewControllers;
			sourceTree = "<group>";
		};
		8099CC4E1A1760B600F5A54A /* Models */ = {
			isa = PBXGroup;
			children = (
				802474971A178F8500030407 /* Series.swift */,
				802474991A1790B100030407 /* Season.swift */,
				8024749B1A17918500030407 /* Episode.swift */,
			);
			name = Models;
			sourceTree = "<group>";
		};
		8099CC4F1A1760BB00F5A54A /* TheTVDBApi */ = {
			isa = PBXGroup;
			children = (
				8099CC501A1760D800F5A54A /* Models */,
				802474931A178E6200030407 /* TheTVDBApi.swift */,
				802474951A178F1600030407 /* TheTVDBApiDelegate.swift */,
				8024749F1A179A9100030407 /* TheTVDBApiMethods.swift */,
			);
			name = TheTVDBApi;
			sourceTree = "<group>";
		};
		8099CC501A1760D800F5A54A /* Models */ = {
			isa = PBXGroup;
			children = (
			);
			name = Models;
			sourceTree = "<group>";
		};
/* End PBXGroup section */

/* Begin PBXNativeTarget section */
		801075F21A0F9909001B06B5 /* SeriesManager */ = {
			isa = PBXNativeTarget;
			buildConfigurationList = 801076151A0F990A001B06B5 /* Build configuration list for PBXNativeTarget "SeriesManager" */;
			buildPhases = (
				801075EF1A0F9909001B06B5 /* Sources */,
				801075F01A0F9909001B06B5 /* Frameworks */,
				801075F11A0F9909001B06B5 /* Resources */,
			);
			buildRules = (
			);
			dependencies = (
				80248F161A17A56100274BF6 /* PBXTargetDependency */,
				802474B41A17A06300030407 /* PBXTargetDependency */,
			);
			name = SeriesManager;
			productName = SeriesManager;
			productReference = 801075F31A0F9909001B06B5 /* SeriesManager.app */;
			productType = "com.apple.product-type.application";
		};
		8010760A1A0F990A001B06B5 /* SeriesManagerTests */ = {
			isa = PBXNativeTarget;
			buildConfigurationList = 801076181A0F990A001B06B5 /* Build configuration list for PBXNativeTarget "SeriesManagerTests" */;
			buildPhases = (
				801076071A0F990A001B06B5 /* Sources */,
				801076081A0F990A001B06B5 /* Frameworks */,
				801076091A0F990A001B06B5 /* Resources */,
			);
			buildRules = (
			);
			dependencies = (
				8010760D1A0F990A001B06B5 /* PBXTargetDependency */,
			);
			name = SeriesManagerTests;
			productName = SeriesManagerTests;
			productReference = 8010760B1A0F990A001B06B5 /* SeriesManagerTests.xctest */;
			productType = "com.apple.product-type.bundle.unit-test";
		};
/* End PBXNativeTarget section */

/* Begin PBXProject section */
		801075EB1A0F9909001B06B5 /* Project object */ = {
			isa = PBXProject;
			attributes = {
				LastUpgradeCheck = 0610;
				ORGANIZATIONNAME = "Lukas Streiter";
				TargetAttributes = {
					801075F21A0F9909001B06B5 = {
						CreatedOnToolsVersion = 6.1;
					};
					8010760A1A0F990A001B06B5 = {
						CreatedOnToolsVersion = 6.1;
						TestTargetID = 801075F21A0F9909001B06B5;
					};
				};
			};
			buildConfigurationList = 801075EE1A0F9909001B06B5 /* Build configuration list for PBXProject "SeriesManager" */;
			compatibilityVersion = "Xcode 3.2";
			developmentRegion = English;
			hasScannedForEncodings = 0;
			knownRegions = (
				en,
				Base,
			);
			mainGroup = 801075EA1A0F9909001B06B5;
			productRefGroup = 801075F41A0F9909001B06B5 /* Products */;
			projectDirPath = "";
			projectReferences = (
				{
					ProductGroup = 802474AB1A179F8800030407 /* Products */;
					ProjectRef = 802474AA1A179F8800030407 /* Alamofire.xcodeproj */;
				},
				{
					ProductGroup = 80248F0A1A17A54400274BF6 /* Products */;
					ProjectRef = 80248F091A17A54400274BF6 /* SWXMLHash.xcodeproj */;
				},
			);
			projectRoot = "";
			targets = (
				801075F21A0F9909001B06B5 /* SeriesManager */,
				8010760A1A0F990A001B06B5 /* SeriesManagerTests */,
			);
		};
/* End PBXProject section */

/* Begin PBXReferenceProxy section */
		802474B01A179F8800030407 /* Alamofire.framework */ = {
			isa = PBXReferenceProxy;
			fileType = wrapper.framework;
			path = Alamofire.framework;
			remoteRef = 802474AF1A179F8800030407 /* PBXContainerItemProxy */;
			sourceTree = BUILT_PRODUCTS_DIR;
		};
		802474B21A179F8800030407 /* AlamofireTests.xctest */ = {
			isa = PBXReferenceProxy;
			fileType = wrapper.cfbundle;
			path = AlamofireTests.xctest;
			remoteRef = 802474B11A179F8800030407 /* PBXContainerItemProxy */;
			sourceTree = BUILT_PRODUCTS_DIR;
		};
		80248F121A17A54500274BF6 /* SWXMLHash.framework */ = {
			isa = PBXReferenceProxy;
			fileType = wrapper.framework;
			path = SWXMLHash.framework;
			remoteRef = 80248F111A17A54500274BF6 /* PBXContainerItemProxy */;
			sourceTree = BUILT_PRODUCTS_DIR;
		};
		80248F141A17A54500274BF6 /* SWXMLHashTests.xctest */ = {
			isa = PBXReferenceProxy;
			fileType = wrapper.cfbundle;
			path = SWXMLHashTests.xctest;
			remoteRef = 80248F131A17A54500274BF6 /* PBXContainerItemProxy */;
			sourceTree = BUILT_PRODUCTS_DIR;
		};
/* End PBXReferenceProxy section */

/* Begin PBXResourcesBuildPhase section */
		801075F11A0F9909001B06B5 /* Resources */ = {
			isa = PBXResourcesBuildPhase;
			buildActionMask = 2147483647;
			files = (
				80EBEF531A1E35E6009B9399 /* Images.xcassets in Resources */,
				801076011A0F9909001B06B5 /* Main.storyboard in Resources */,
				801076061A0F9909001B06B5 /* LaunchScreen.xib in Resources */,
			);
			runOnlyForDeploymentPostprocessing = 0;
		};
		801076091A0F990A001B06B5 /* Resources */ = {
			isa = PBXResourcesBuildPhase;
			buildActionMask = 2147483647;
			files = (
			);
			runOnlyForDeploymentPostprocessing = 0;
		};
/* End PBXResourcesBuildPhase section */

/* Begin PBXSourcesBuildPhase section */
		801075EF1A0F9909001B06B5 /* Sources */ = {
			isa = PBXSourcesBuildPhase;
			buildActionMask = 2147483647;
			files = (
				8099CC561A17698000F5A54A /* SeasonViewController.swift in Sources */,
				801075FC1A0F9909001B06B5 /* SeriesManager.xcdatamodeld in Sources */,
				8024749A1A1790B100030407 /* Season.swift in Sources */,
				802474941A178E6200030407 /* TheTVDBApi.swift in Sources */,
				801075F91A0F9909001B06B5 /* AppDelegate.swift in Sources */,
				8024749C1A17918500030407 /* Episode.swift in Sources */,
				8099CC581A17699500F5A54A /* EpisodeViewController.swift in Sources */,
				8099CC541A17692400F5A54A /* SeriesViewController.swift in Sources */,
				802474981A178F8500030407 /* Series.swift in Sources */,
				802474921A17843800030407 /* HomeViewController.swift in Sources */,
				80F831D11A17EA7000AC512F /* Logger.swift in Sources */,
				802474961A178F1600030407 /* TheTVDBApiDelegate.swift in Sources */,
				802474A01A179A9100030407 /* TheTVDBApiMethods.swift in Sources */,
			);
			runOnlyForDeploymentPostprocessing = 0;
		};
		801076071A0F990A001B06B5 /* Sources */ = {
			isa = PBXSourcesBuildPhase;
			buildActionMask = 2147483647;
			files = (
				801076121A0F990A001B06B5 /* SeriesManagerTests.swift in Sources */,
			);
			runOnlyForDeploymentPostprocessing = 0;
		};
/* End PBXSourcesBuildPhase section */

/* Begin PBXTargetDependency section */
		8010760D1A0F990A001B06B5 /* PBXTargetDependency */ = {
			isa = PBXTargetDependency;
			target = 801075F21A0F9909001B06B5 /* SeriesManager */;
			targetProxy = 8010760C1A0F990A001B06B5 /* PBXContainerItemProxy */;
		};
		802474B41A17A06300030407 /* PBXTargetDependency */ = {
			isa = PBXTargetDependency;
			name = Alamofire;
			targetProxy = 802474B31A17A06300030407 /* PBXContainerItemProxy */;
		};
		80248F161A17A56100274BF6 /* PBXTargetDependency */ = {
			isa = PBXTargetDependency;
			name = SWXMLHash;
			targetProxy = 80248F151A17A56100274BF6 /* PBXContainerItemProxy */;
		};
/* End PBXTargetDependency section */

/* Begin PBXVariantGroup section */
		801075FF1A0F9909001B06B5 /* Main.storyboard */ = {
			isa = PBXVariantGroup;
			children = (
				801076001A0F9909001B06B5 /* Base */,
			);
			name = Main.storyboard;
			sourceTree = "<group>";
		};
		801076041A0F9909001B06B5 /* LaunchScreen.xib */ = {
			isa = PBXVariantGroup;
			children = (
				801076051A0F9909001B06B5 /* Base */,
			);
			name = LaunchScreen.xib;
			sourceTree = "<group>";
		};
/* End PBXVariantGroup section */

/* Begin XCBuildConfiguration section */
		801076131A0F990A001B06B5 /* Debug */ = {
			isa = XCBuildConfiguration;
			buildSettings = {
				ALWAYS_SEARCH_USER_PATHS = NO;
				CLANG_CXX_LANGUAGE_STANDARD = "gnu++0x";
				CLANG_CXX_LIBRARY = "libc++";
				CLANG_ENABLE_MODULES = YES;
				CLANG_ENABLE_OBJC_ARC = YES;
				CLANG_WARN_BOOL_CONVERSION = YES;
				CLANG_WARN_CONSTANT_CONVERSION = YES;
				CLANG_WARN_DIRECT_OBJC_ISA_USAGE = YES_ERROR;
				CLANG_WARN_EMPTY_BODY = YES;
				CLANG_WARN_ENUM_CONVERSION = YES;
				CLANG_WARN_INT_CONVERSION = YES;
				CLANG_WARN_OBJC_ROOT_CLASS = YES_ERROR;
				CLANG_WARN_UNREACHABLE_CODE = YES;
				CLANG_WARN__DUPLICATE_METHOD_MATCH = YES;
				"CODE_SIGN_IDENTITY[sdk=iphoneos*]" = "iPhone Developer";
				COPY_PHASE_STRIP = NO;
				ENABLE_STRICT_OBJC_MSGSEND = YES;
				GCC_C_LANGUAGE_STANDARD = gnu99;
				GCC_DYNAMIC_NO_PIC = NO;
				GCC_OPTIMIZATION_LEVEL = 0;
				GCC_PREPROCESSOR_DEFINITIONS = (
					"DEBUG=1",
					"$(inherited)",
				);
				GCC_SYMBOLS_PRIVATE_EXTERN = NO;
				GCC_WARN_64_TO_32_BIT_CONVERSION = YES;
				GCC_WARN_ABOUT_RETURN_TYPE = YES_ERROR;
				GCC_WARN_UNDECLARED_SELECTOR = YES;
				GCC_WARN_UNINITIALIZED_AUTOS = YES_AGGRESSIVE;
				GCC_WARN_UNUSED_FUNCTION = YES;
				GCC_WARN_UNUSED_VARIABLE = YES;
				IPHONEOS_DEPLOYMENT_TARGET = 8.1;
				MTL_ENABLE_DEBUG_INFO = YES;
				ONLY_ACTIVE_ARCH = YES;
				SDKROOT = iphoneos;
				SWIFT_OPTIMIZATION_LEVEL = "-Onone";
			};
			name = Debug;
		};
		801076141A0F990A001B06B5 /* Release */ = {
			isa = XCBuildConfiguration;
			buildSettings = {
				ALWAYS_SEARCH_USER_PATHS = NO;
				CLANG_CXX_LANGUAGE_STANDARD = "gnu++0x";
				CLANG_CXX_LIBRARY = "libc++";
				CLANG_ENABLE_MODULES = YES;
				CLANG_ENABLE_OBJC_ARC = YES;
				CLANG_WARN_BOOL_CONVERSION = YES;
				CLANG_WARN_CONSTANT_CONVERSION = YES;
				CLANG_WARN_DIRECT_OBJC_ISA_USAGE = YES_ERROR;
				CLANG_WARN_EMPTY_BODY = YES;
				CLANG_WARN_ENUM_CONVERSION = YES;
				CLANG_WARN_INT_CONVERSION = YES;
				CLANG_WARN_OBJC_ROOT_CLASS = YES_ERROR;
				CLANG_WARN_UNREACHABLE_CODE = YES;
				CLANG_WARN__DUPLICATE_METHOD_MATCH = YES;
				"CODE_SIGN_IDENTITY[sdk=iphoneos*]" = "iPhone Developer";
				COPY_PHASE_STRIP = YES;
				ENABLE_NS_ASSERTIONS = NO;
				ENABLE_STRICT_OBJC_MSGSEND = YES;
				GCC_C_LANGUAGE_STANDARD = gnu99;
				GCC_WARN_64_TO_32_BIT_CONVERSION = YES;
				GCC_WARN_ABOUT_RETURN_TYPE = YES_ERROR;
				GCC_WARN_UNDECLARED_SELECTOR = YES;
				GCC_WARN_UNINITIALIZED_AUTOS = YES_AGGRESSIVE;
				GCC_WARN_UNUSED_FUNCTION = YES;
				GCC_WARN_UNUSED_VARIABLE = YES;
				IPHONEOS_DEPLOYMENT_TARGET = 8.1;
				MTL_ENABLE_DEBUG_INFO = NO;
				SDKROOT = iphoneos;
				VALIDATE_PRODUCT = YES;
			};
			name = Release;
		};
		801076161A0F990A001B06B5 /* Debug */ = {
			isa = XCBuildConfiguration;
			buildSettings = {
				ASSETCATALOG_COMPILER_APPICON_NAME = AppIcon;
				INFOPLIST_FILE = SeriesManager/Info.plist;
				IPHONEOS_DEPLOYMENT_TARGET = 8.0;
				LD_RUNPATH_SEARCH_PATHS = "$(inherited) @executable_path/Frameworks";
				PRODUCT_NAME = "$(TARGET_NAME)";
			};
			name = Debug;
		};
		801076171A0F990A001B06B5 /* Release */ = {
			isa = XCBuildConfiguration;
			buildSettings = {
				ASSETCATALOG_COMPILER_APPICON_NAME = AppIcon;
				INFOPLIST_FILE = SeriesManager/Info.plist;
				IPHONEOS_DEPLOYMENT_TARGET = 8.0;
				LD_RUNPATH_SEARCH_PATHS = "$(inherited) @executable_path/Frameworks";
				PRODUCT_NAME = "$(TARGET_NAME)";
			};
			name = Release;
		};
		801076191A0F990A001B06B5 /* Debug */ = {
			isa = XCBuildConfiguration;
			buildSettings = {
				BUNDLE_LOADER = "$(TEST_HOST)";
				FRAMEWORK_SEARCH_PATHS = (
					"$(SDKROOT)/Developer/Library/Frameworks",
					"$(inherited)",
				);
				GCC_PREPROCESSOR_DEFINITIONS = (
					"DEBUG=1",
					"$(inherited)",
				);
				INFOPLIST_FILE = SeriesManagerTests/Info.plist;
				LD_RUNPATH_SEARCH_PATHS = "$(inherited) @executable_path/Frameworks @loader_path/Frameworks";
				PRODUCT_NAME = "$(TARGET_NAME)";
				TEST_HOST = "$(BUILT_PRODUCTS_DIR)/SeriesManager.app/SeriesManager";
			};
			name = Debug;
		};
		8010761A1A0F990A001B06B5 /* Release */ = {
			isa = XCBuildConfiguration;
			buildSettings = {
				BUNDLE_LOADER = "$(TEST_HOST)";
				FRAMEWORK_SEARCH_PATHS = (
					"$(SDKROOT)/Developer/Library/Frameworks",
					"$(inherited)",
				);
				INFOPLIST_FILE = SeriesManagerTests/Info.plist;
				LD_RUNPATH_SEARCH_PATHS = "$(inherited) @executable_path/Frameworks @loader_path/Frameworks";
				PRODUCT_NAME = "$(TARGET_NAME)";
				TEST_HOST = "$(BUILT_PRODUCTS_DIR)/SeriesManager.app/SeriesManager";
			};
			name = Release;
		};
/* End XCBuildConfiguration section */

/* Begin XCConfigurationList section */
		801075EE1A0F9909001B06B5 /* Build configuration list for PBXProject "SeriesManager" */ = {
			isa = XCConfigurationList;
			buildConfigurations = (
				801076131A0F990A001B06B5 /* Debug */,
				801076141A0F990A001B06B5 /* Release */,
			);
			defaultConfigurationIsVisible = 0;
			defaultConfigurationName = Release;
		};
		801076151A0F990A001B06B5 /* Build configuration list for PBXNativeTarget "SeriesManager" */ = {
			isa = XCConfigurationList;
			buildConfigurations = (
				801076161A0F990A001B06B5 /* Debug */,
				801076171A0F990A001B06B5 /* Release */,
			);
			defaultConfigurationIsVisible = 0;
			defaultConfigurationName = Release;
		};
		801076181A0F990A001B06B5 /* Build configuration list for PBXNativeTarget "SeriesManagerTests" */ = {
			isa = XCConfigurationList;
			buildConfigurations = (
				801076191A0F990A001B06B5 /* Debug */,
				8010761A1A0F990A001B06B5 /* Release */,
			);
			defaultConfigurationIsVisible = 0;
			defaultConfigurationName = Release;
		};
/* End XCConfigurationList section */

/* Begin XCVersionGroup section */
		801075FA1A0F9909001B06B5 /* SeriesManager.xcdatamodeld */ = {
			isa = XCVersionGroup;
			children = (
				801075FB1A0F9909001B06B5 /* SeriesManager.xcdatamodel */,
			);
			currentVersion = 801075FB1A0F9909001B06B5 /* SeriesManager.xcdatamodel */;
			path = SeriesManager.xcdatamodeld;
			sourceTree = "<group>";
			versionGroupType = wrapper.xcdatamodel;
		};
/* End XCVersionGroup section */
	};
	rootObject = 801075EB1A0F9909001B06B5 /* Project object */;
}
